
Microsoft Visual Studio Solution File, Format Version 12.00
# Visual Studio Version 17
VisualStudioVersion = 17.7.34009.444
MinimumVisualStudioVersion = 10.0.40219.1
Project("{FAE04EC0-301F-11D3-BF4B-00C04F79EFBC}") = "BackendApp", "BackendApp\BackendApp.csproj", "{5B4FBC6D-41EF-4A9E-8215-F0DFA38FCAFE}"
EndProject
Global
	GlobalSection(SolutionConfigurationPlatforms) = preSolution
		Debug|Any CPU = Debug|Any CPU
		Release|Any CPU = Release|Any CPU
	EndGlobalSection
	GlobalSection(ProjectConfigurationPlatforms) = postSolution
		{5B4FBC6D-41EF-4A9E-8215-F0DFA38FCAFE}.Debug|Any CPU.ActiveCfg = Debug|Any CPU
		{5B4FBC6D-41EF-4A9E-8215-F0DFA38FCAFE}.Debug|Any CPU.Build.0 = Debug|Any CPU
		{5B4FBC6D-41EF-4A9E-8215-F0DFA38FCAFE}.Release|Any CPU.ActiveCfg = Release|Any CPU
		{5B4FBC6D-41EF-4A9E-8215-F0DFA38FCAFE}.Release|Any CPU.Build.0 = Release|Any CPU
	EndGlobalSection
	GlobalSection(SolutionProperties) = preSolution
		HideSolutionNode = FALSE
	EndGlobalSection
	GlobalSection(ExtensibilityGlobals) = postSolution
		SolutionGuid = {A9C5904B-B7B3-4A9F-846A-21E61609F18D}
	EndGlobalSection
EndGlobal
